// !$*UTF8*$!
{
	archiveVersion = 1;
	classes = {
	};
	objectVersion = 46;
	objects = {

/* Begin PBXBuildFile section */
		A3D48CA61DCC33160039F07E /* AppDelegate.swift in Sources */ = {isa = PBXBuildFile; fileRef = A3D48CA51DCC33160039F07E /* AppDelegate.swift */; };
		A3D48CA81DCC33160039F07E /* ViewController.swift in Sources */ = {isa = PBXBuildFile; fileRef = A3D48CA71DCC33160039F07E /* ViewController.swift */; };
		A3D48CAB1DCC33160039F07E /* Main.storyboard in Resources */ = {isa = PBXBuildFile; fileRef = A3D48CA91DCC33160039F07E /* Main.storyboard */; };
		A3D48CAD1DCC33160039F07E /* Assets.xcassets in Resources */ = {isa = PBXBuildFile; fileRef = A3D48CAC1DCC33160039F07E /* Assets.xcassets */; };
		A3D48CB01DCC33160039F07E /* LaunchScreen.storyboard in Resources */ = {isa = PBXBuildFile; fileRef = A3D48CAE1DCC33160039F07E /* LaunchScreen.storyboard */; };
		A3D48CBB1DCC37950039F07E /* TabBarViewController.swift in Sources */ = {isa = PBXBuildFile; fileRef = A3D48CBA1DCC37950039F07E /* TabBarViewController.swift */; };
		A3D48CBD1DCC37A60039F07E /* HomeViewController.swift in Sources */ = {isa = PBXBuildFile; fileRef = A3D48CBC1DCC37A60039F07E /* HomeViewController.swift */; };
		A3D48CBF1DCC3A440039F07E /* SearchViewController.swift in Sources */ = {isa = PBXBuildFile; fileRef = A3D48CBE1DCC3A440039F07E /* SearchViewController.swift */; };
		A3D48CC11DCC3AAE0039F07E /* ComposeViewController.swift in Sources */ = {isa = PBXBuildFile; fileRef = A3D48CC01DCC3AAE0039F07E /* ComposeViewController.swift */; };
		A3D48CC31DCC3AD90039F07E /* AccountViewController.swift in Sources */ = {isa = PBXBuildFile; fileRef = A3D48CC21DCC3AD90039F07E /* AccountViewController.swift */; };
		A3D48CC51DCC3B7A0039F07E /* TrendingViewController.swift in Sources */ = {isa = PBXBuildFile; fileRef = A3D48CC41DCC3B7A0039F07E /* TrendingViewController.swift */; };
/* End PBXBuildFile section */

/* Begin PBXFileReference section */
		A3D48CA21DCC33160039F07E /* tumblr.app */ = {isa = PBXFileReference; explicitFileType = wrapper.application; includeInIndex = 0; path = tumblr.app; sourceTree = BUILT_PRODUCTS_DIR; };
		A3D48CA51DCC33160039F07E /* AppDelegate.swift */ = {isa = PBXFileReference; lastKnownFileType = sourcecode.swift; path = AppDelegate.swift; sourceTree = "<group>"; };
		A3D48CA71DCC33160039F07E /* ViewController.swift */ = {isa = PBXFileReference; lastKnownFileType = sourcecode.swift; path = ViewController.swift; sourceTree = "<group>"; };
		A3D48CAA1DCC33160039F07E /* Base */ = {isa = PBXFileReference; lastKnownFileType = file.storyboard; name = Base; path = Base.lproj/Main.storyboard; sourceTree = "<group>"; };
		A3D48CAC1DCC33160039F07E /* Assets.xcassets */ = {isa = PBXFileReference; lastKnownFileType = folder.assetcatalog; path = Assets.xcassets; sourceTree = "<group>"; };
		A3D48CAF1DCC33160039F07E /* Base */ = {isa = PBXFileReference; lastKnownFileType = file.storyboard; name = Base; path = Base.lproj/LaunchScreen.storyboard; sourceTree = "<group>"; };
		A3D48CB11DCC33160039F07E /* Info.plist */ = {isa = PBXFileReference; lastKnownFileType = text.plist.xml; path = Info.plist; sourceTree = "<group>"; };
		A3D48CBA1DCC37950039F07E /* TabBarViewController.swift */ = {isa = PBXFileReference; fileEncoding = 4; lastKnownFileType = sourcecode.swift; path = TabBarViewController.swift; sourceTree = "<group>"; };
		A3D48CBC1DCC37A60039F07E /* HomeViewController.swift */ = {isa = PBXFileReference; fileEncoding = 4; lastKnownFileType = sourcecode.swift; path = HomeViewController.swift; sourceTree = "<group>"; };
		A3D48CBE1DCC3A440039F07E /* SearchViewController.swift */ = {isa = PBXFileReference; fileEncoding = 4; lastKnownFileType = sourcecode.swift; path = SearchViewController.swift; sourceTree = "<group>"; };
		A3D48CC01DCC3AAE0039F07E /* ComposeViewController.swift */ = {isa = PBXFileReference; fileEncoding = 4; lastKnownFileType = sourcecode.swift; path = ComposeViewController.swift; sourceTree = "<group>"; };
		A3D48CC21DCC3AD90039F07E /* AccountViewController.swift */ = {isa = PBXFileReference; fileEncoding = 4; lastKnownFileType = sourcecode.swift; path = AccountViewController.swift; sourceTree = "<group>"; };
		A3D48CC41DCC3B7A0039F07E /* TrendingViewController.swift */ = {isa = PBXFileReference; fileEncoding = 4; lastKnownFileType = sourcecode.swift; path = TrendingViewController.swift; sourceTree = "<group>"; };
/* End PBXFileReference section */

/* Begin PBXFrameworksBuildPhase section */
		A3D48C9F1DCC33160039F07E /* Frameworks */ = {
			isa = PBXFrameworksBuildPhase;
			buildActionMask = 2147483647;
			files = (
			);
			runOnlyForDeploymentPostprocessing = 0;
		};
/* End PBXFrameworksBuildPhase section */

/* Begin PBXGroup section */
		A3D48C991DCC33160039F07E = {
			isa = PBXGroup;
			children = (
				A3D48CA41DCC33160039F07E /* tumblr */,
				A3D48CA31DCC33160039F07E /* Products */,
			);
			sourceTree = "<group>";
		};
		A3D48CA31DCC33160039F07E /* Products */ = {
			isa = PBXGroup;
			children = (
				A3D48CA21DCC33160039F07E /* tumblr.app */,
			);
			name = Products;
			sourceTree = "<group>";
		};
		A3D48CA41DCC33160039F07E /* tumblr */ = {
			isa = PBXGroup;
			children = (
				A3D48CB91DCC37700039F07E /* ViewControllersCode */,
				A3D48CA51DCC33160039F07E /* AppDelegate.swift */,
				A3D48CA71DCC33160039F07E /* ViewController.swift */,
				A3D48CA91DCC33160039F07E /* Main.storyboard */,
				A3D48CAC1DCC33160039F07E /* Assets.xcassets */,
				A3D48CAE1DCC33160039F07E /* LaunchScreen.storyboard */,
				A3D48CB11DCC33160039F07E /* Info.plist */,
			);
			path = tumblr;
			sourceTree = "<group>";
		};
		A3D48CB91DCC37700039F07E /* ViewControllersCode */ = {
			isa = PBXGroup;
			children = (
				A3D48CBA1DCC37950039F07E /* TabBarViewController.swift */,
				A3D48CBC1DCC37A60039F07E /* HomeViewController.swift */,
				A3D48CBE1DCC3A440039F07E /* SearchViewController.swift */,
				A3D48CC01DCC3AAE0039F07E /* ComposeViewController.swift */,
				A3D48CC21DCC3AD90039F07E /* AccountViewController.swift */,
				A3D48CC41DCC3B7A0039F07E /* TrendingViewController.swift */,
			);
			name = ViewControllersCode;
			sourceTree = "<group>";
		};
/* End PBXGroup section */

/* Begin PBXNativeTarget section */
		A3D48CA11DCC33160039F07E /* tumblr */ = {
			isa = PBXNativeTarget;
			buildConfigurationList = A3D48CB41DCC33160039F07E /* Build configuration list for PBXNativeTarget "tumblr" */;
			buildPhases = (
				A3D48C9E1DCC33160039F07E /* Sources */,
				A3D48C9F1DCC33160039F07E /* Frameworks */,
				A3D48CA01DCC33160039F07E /* Resources */,
			);
			buildRules = (
			);
			dependencies = (
			);
			name = tumblr;
			productName = tumblr;
			productReference = A3D48CA21DCC33160039F07E /* tumblr.app */;
			productType = "com.apple.product-type.application";
		};
/* End PBXNativeTarget section */

/* Begin PBXProject section */
		A3D48C9A1DCC33160039F07E /* Project object */ = {
			isa = PBXProject;
			attributes = {
				LastSwiftUpdateCheck = 0800;
				LastUpgradeCheck = 0800;
				ORGANIZATIONNAME = "Doris Hernandez";
				TargetAttributes = {
					A3D48CA11DCC33160039F07E = {
						CreatedOnToolsVersion = 8.0;
						ProvisioningStyle = Automatic;
					};
				};
			};
			buildConfigurationList = A3D48C9D1DCC33160039F07E /* Build configuration list for PBXProject "tumblr" */;
			compatibilityVersion = "Xcode 3.2";
			developmentRegion = English;
			hasScannedForEncodings = 0;
			knownRegions = (
				en,
				Base,
			);
			mainGroup = A3D48C991DCC33160039F07E;
			productRefGroup = A3D48CA31DCC33160039F07E /* Products */;
			projectDirPath = "";
			projectRoot = "";
			targets = (
				A3D48CA11DCC33160039F07E /* tumblr */,
			);
		};
/* End PBXProject section */

/* Begin PBXResourcesBuildPhase section */
		A3D48CA01DCC33160039F07E /* Resources */ = {
			isa = PBXResourcesBuildPhase;
			buildActionMask = 2147483647;
			files = (
				A3D48CB01DCC33160039F07E /* LaunchScreen.storyboard in Resources */,
				A3D48CAD1DCC33160039F07E /* Assets.xcassets in Resources */,
				A3D48CAB1DCC33160039F07E /* Main.storyboard in Resources */,
			);
			runOnlyForDeploymentPostprocessing = 0;
		};
/* End PBXResourcesBuildPhase section */

/* Begin PBXSourcesBuildPhase section */
		A3D48C9E1DCC33160039F07E /* Sources */ = {
			isa = PBXSourcesBuildPhase;
			buildActionMask = 2147483647;
			files = (
				A3D48CBF1DCC3A440039F07E /* SearchViewController.swift in Sources */,
				A3D48CC51DCC3B7A0039F07E /* TrendingViewController.swift in Sources */,
				A3D48CA81DCC33160039F07E /* ViewController.swift in Sources */,
				A3D48CC31DCC3AD90039F07E /* AccountViewController.swift in Sources */,
				A3D48CBB1DCC37950039F07E /* TabBarViewController.swift in Sources */,
				A3D48CC11DCC3AAE0039F07E /* ComposeViewController.swift in Sources */,
				A3D48CA61DCC33160039F07E /* AppDelegate.swift in Sources */,
				A3D48CBD1DCC37A60039F07E /* HomeViewController.swift in Sources */,
			);
			runOnlyForDeploymentPostprocessing = 0;
		};
/* End PBXSourcesBuildPhase section */

/* Begin PBXVariantGroup section */
		A3D48CA91DCC33160039F07E /* Main.storyboard */ = {
			isa = PBXVariantGroup;
			children = (
				A3D48CAA1DCC33160039F07E /* Base */,
			);
			name = Main.storyboard;
			sourceTree = "<group>";
		};
		A3D48CAE1DCC33160039F07E /* LaunchScreen.storyboard */ = {
			isa = PBXVariantGroup;
			children = (
				A3D48CAF1DCC33160039F07E /* Base */,
			);
			name = LaunchScreen.storyboard;
			sourceTree = "<group>";
		};
/* End PBXVariantGroup section */

/* Begin XCBuildConfiguration section */
		A3D48CB21DCC33160039F07E /* Debug */ = {
			isa = XCBuildConfiguration;
			buildSettings = {
				ALWAYS_SEARCH_USER_PATHS = NO;
				CLANG_ANALYZER_NONNULL = YES;
				CLANG_CXX_LANGUAGE_STANDARD = "gnu++0x";
				CLANG_CXX_LIBRARY = "libc++";
				CLANG_ENABLE_MODULES = YES;
				CLANG_ENABLE_OBJC_ARC = YES;
				CLANG_WARN_BOOL_CONVERSION = YES;
				CLANG_WARN_CONSTANT_CONVERSION = YES;
				CLANG_WARN_DIRECT_OBJC_ISA_USAGE = YES_ERROR;
				CLANG_WARN_DOCUMENTATION_COMMENTS = YES;
				CLANG_WARN_EMPTY_BODY = YES;
				CLANG_WARN_ENUM_CONVERSION = YES;
				CLANG_WARN_INFINITE_RECURSION = YES;
				CLANG_WARN_INT_CONVERSION = YES;
				CLANG_WARN_OBJC_ROOT_CLASS = YES_ERROR;
				CLANG_WARN_SUSPICIOUS_MOVES = YES;
				CLANG_WARN_UNREACHABLE_CODE = YES;
				CLANG_WARN__DUPLICATE_METHOD_MATCH = YES;
				"CODE_SIGN_IDENTITY[sdk=iphoneos*]" = "iPhone Developer";
				COPY_PHASE_STRIP = NO;
				DEBUG_INFORMATION_FORMAT = dwarf;
				ENABLE_STRICT_OBJC_MSGSEND = YES;
				ENABLE_TESTABILITY = YES;
				GCC_C_LANGUAGE_STANDARD = gnu99;
				GCC_DYNAMIC_NO_PIC = NO;
				GCC_NO_COMMON_BLOCKS = YES;
				GCC_OPTIMIZATION_LEVEL = 0;
				GCC_PREPROCESSOR_DEFINITIONS = (
					"DEBUG=1",
					"$(inherited)",
				);
				GCC_WARN_64_TO_32_BIT_CONVERSION = YES;
				GCC_WARN_ABOUT_RETURN_TYPE = YES_ERROR;
				GCC_WARN_UNDECLARED_SELECTOR = YES;
				GCC_WARN_UNINITIALIZED_AUTOS = YES_AGGRESSIVE;
				GCC_WARN_UNUSED_FUNCTION = YES;
				GCC_WARN_UNUSED_VARIABLE = YES;
				IPHONEOS_DEPLOYMENT_TARGET = 10.0;
				MTL_ENABLE_DEBUG_INFO = YES;
				ONLY_ACTIVE_ARCH = YES;
				SDKROOT = iphoneos;
				SWIFT_ACTIVE_COMPILATION_CONDITIONS = DEBUG;
				SWIFT_OPTIMIZATION_LEVEL = "-Onone";
			};
			name = Debug;
		};
		A3D48CB31DCC33160039F07E /* Release */ = {
			isa = XCBuildConfiguration;
			buildSettings = {
				ALWAYS_SEARCH_USER_PATHS = NO;
				CLANG_ANALYZER_NONNULL = YES;
				CLANG_CXX_LANGUAGE_STANDARD = "gnu++0x";
				CLANG_CXX_LIBRARY = "libc++";
				CLANG_ENABLE_MODULES = YES;
				CLANG_ENABLE_OBJC_ARC = YES;
				CLANG_WARN_BOOL_CONVERSION = YES;
				CLANG_WARN_CONSTANT_CONVERSION = YES;
				CLANG_WARN_DIRECT_OBJC_ISA_USAGE = YES_ERROR;
				CLANG_WARN_DOCUMENTATION_COMMENTS = YES;
				CLANG_WARN_EMPTY_BODY = YES;
				CLANG_WARN_ENUM_CONVERSION = YES;
				CLANG_WARN_INFINITE_RECURSION = YES;
				CLANG_WARN_INT_CONVERSION = YES;
				CLANG_WARN_OBJC_ROOT_CLASS = YES_ERROR;
				CLANG_WARN_SUSPICIOUS_MOVES = YES;
				CLANG_WARN_UNREACHABLE_CODE = YES;
				CLANG_WARN__DUPLICATE_METHOD_MATCH = YES;
				"CODE_SIGN_IDENTITY[sdk=iphoneos*]" = "iPhone Developer";
				COPY_PHASE_STRIP = NO;
				DEBUG_INFORMATION_FORMAT = "dwarf-with-dsym";
				ENABLE_NS_ASSERTIONS = NO;
				ENABLE_STRICT_OBJC_MSGSEND = YES;
				GCC_C_LANGUAGE_STANDARD = gnu99;
				GCC_NO_COMMON_BLOCKS = YES;
				GCC_WARN_64_TO_32_BIT_CONVERSION = YES;
				GCC_WARN_ABOUT_RETURN_TYPE = YES_ERROR;
				GCC_WARN_UNDECLARED_SELECTOR = YES;
				GCC_WARN_UNINITIALIZED_AUTOS = YES_AGGRESSIVE;
				GCC_WARN_UNUSED_FUNCTION = YES;
				GCC_WARN_UNUSED_VARIABLE = YES;
				IPHONEOS_DEPLOYMENT_TARGET = 10.0;
				MTL_ENABLE_DEBUG_INFO = NO;
				SDKROOT = iphoneos;
				SWIFT_OPTIMIZATION_LEVEL = "-Owholemodule";
				VALIDATE_PRODUCT = YES;
			};
			name = Release;
		};
		A3D48CB51DCC33160039F07E /* Debug */ = {
			isa = XCBuildConfiguration;
			buildSettings = {
				ASSETCATALOG_COMPILER_APPICON_NAME = AppIcon;
				INFOPLIST_FILE = tumblr/Info.plist;
				LD_RUNPATH_SEARCH_PATHS = "$(inherited) @executable_path/Frameworks";
				PRODUCT_BUNDLE_IDENTIFIER = softko.tumblr;
				PRODUCT_NAME = "$(TARGET_NAME)";
				SWIFT_VERSION = 3.0;
			};
			name = Debug;
		};
		A3D48CB61DCC33160039F07E /* Release */ = {
			isa = XCBuildConfiguration;
			buildSettings = {
				ASSETCATALOG_COMPILER_APPICON_NAME = AppIcon;
				INFOPLIST_FILE = tumblr/Info.plist;
				LD_RUNPATH_SEARCH_PATHS = "$(inherited) @executable_path/Frameworks";
				PRODUCT_BUNDLE_IDENTIFIER = softko.tumblr;
				PRODUCT_NAME = "$(TARGET_NAME)";
				SWIFT_VERSION = 3.0;
			};
			name = Release;
		};
/* End XCBuildConfiguration section */

/* Begin XCConfigurationList section */
		A3D48C9D1DCC33160039F07E /* Build configuration list for PBXProject "tumblr" */ = {
			isa = XCConfigurationList;
			buildConfigurations = (
				A3D48CB21DCC33160039F07E /* Debug */,
				A3D48CB31DCC33160039F07E /* Release */,
			);
			defaultConfigurationIsVisible = 0;
			defaultConfigurationName = Release;
		};
		A3D48CB41DCC33160039F07E /* Build configuration list for PBXNativeTarget "tumblr" */ = {
			isa = XCConfigurationList;
			buildConfigurations = (
				A3D48CB51DCC33160039F07E /* Debug */,
				A3D48CB61DCC33160039F07E /* Release */,
			);
			defaultConfigurationIsVisible = 0;
		};
/* End XCConfigurationList section */
	};
	rootObject = A3D48C9A1DCC33160039F07E /* Project object */;
}
